
Microsoft Visual Studio Solution File, Format Version 12.00
# Visual Studio 15
VisualStudioVersion = 15.0.28307.271
MinimumVisualStudioVersion = 10.0.40219.1
Project("{FAE04EC0-301F-11D3-BF4B-00C04F79EFBC}") = "ZBW.PEAII_Nuget_DatenLogger", "ZBW.PEAII_Nuget_DatenLogger\ZBW.PEAII_Nuget_DatenLogger.csproj", "{ECF4E466-4282-43CE-A205-7BDEEEE08D4A}"
EndProject
Project("{FAE04EC0-301F-11D3-BF4B-00C04F79EFBC}") = "ZBW.PEAII_Nuget_DatenLogger.Test", "ZBW.PEAII_Nuget_DatenLogger.Test\ZBW.PEAII_Nuget_DatenLogger.Test.csproj", "{CF267EBE-7002-40F8-B06C-AF3996E4AC8D}"
EndProject
Global
	GlobalSection(SolutionConfigurationPlatforms) = preSolution
		Debug|Any CPU = Debug|Any CPU
		Release|Any CPU = Release|Any CPU
	EndGlobalSection
	GlobalSection(ProjectConfigurationPlatforms) = postSolution
		{ECF4E466-4282-43CE-A205-7BDEEEE08D4A}.Debug|Any CPU.ActiveCfg = Debug|Any CPU
		{ECF4E466-4282-43CE-A205-7BDEEEE08D4A}.Debug|Any CPU.Build.0 = Debug|Any CPU
		{ECF4E466-4282-43CE-A205-7BDEEEE08D4A}.Release|Any CPU.ActiveCfg = Release|Any CPU
		{ECF4E466-4282-43CE-A205-7BDEEEE08D4A}.Release|Any CPU.Build.0 = Release|Any CPU
		{CF267EBE-7002-40F8-B06C-AF3996E4AC8D}.Debug|Any CPU.ActiveCfg = Debug|Any CPU
		{CF267EBE-7002-40F8-B06C-AF3996E4AC8D}.Debug|Any CPU.Build.0 = Debug|Any CPU
		{CF267EBE-7002-40F8-B06C-AF3996E4AC8D}.Release|Any CPU.ActiveCfg = Release|Any CPU
		{CF267EBE-7002-40F8-B06C-AF3996E4AC8D}.Release|Any CPU.Build.0 = Release|Any CPU
	EndGlobalSection
	GlobalSection(SolutionProperties) = preSolution
		HideSolutionNode = FALSE
	EndGlobalSection
	GlobalSection(ExtensibilityGlobals) = postSolution
		SolutionGuid = {C7F0F154-0947-45EA-821B-A578CC81B4DD}
	EndGlobalSection
EndGlobal
